Microsoft Visual Studio Solution File, Format Version 11.00
# Visual Studio 2008

Project("{4C4FF6F7-AF68-113B-43F5-5765628D5ACF}") = "Menu_unity", "Assembly-CSharp-vs.csproj", "{32057498-F5EC-26AA-5466-66AAD2878E0A}"
EndProject
Global
	GlobalSection(SolutionConfigurationPlatforms) = preSolution
		Debug|Any CPU = Debug|Any CPU
		Release|Any CPU = Release|Any CPU
	EndGlobalSection
	GlobalSection(ProjectConfigurationPlatforms) = postSolution
		{32057498-F5EC-26AA-5466-66AAD2878E0A}.Debug|Any CPU.ActiveCfg = Debug|Any CPU
		{32057498-F5EC-26AA-5466-66AAD2878E0A}.Debug|Any CPU.Build.0 = Debug|Any CPU
		{32057498-F5EC-26AA-5466-66AAD2878E0A}.Release|Any CPU.ActiveCfg = Release|Any CPU
		{32057498-F5EC-26AA-5466-66AAD2878E0A}.Release|Any CPU.Build.0 = Release|Any CPU
	EndGlobalSection
	GlobalSection(SolutionProperties) = preSolution
		HideSolutionNode = FALSE
	EndGlobalSection
											GlobalSection(MonoDevelopProperties) = preSolution
		StartupItem = Assembly-CSharp.csproj
		Policies = $0
		$0.TextStylePolicy = $1
		$1.inheritsSet = null
		$1.scope = text/x-csharp
		$0.CSharpFormattingPolicy = $2
		$2.inheritsSet = Mono
		$2.inheritsScope = text/x-csharp
		$2.scope = text/x-csharp
		$0.TextStylePolicy = $3
		$3.FileWidth = 120
		$3.TabWidth = 4
		$3.EolMarker = Unix
		$3.inheritsSet = Mono
		$3.inheritsScope = text/plain
		$3.scope = text/plain
	EndGlobalSection

EndGlobal
